{
  "nodes": {
    "blink-cmp": {
      "inputs": {
        "fenix": "fenix",
        "flake-parts": [
          "flake-parts"
        ],
        "nixpkgs": [
          "nixpkgs"
        ]
      },
      "locked": {
        "lastModified": 1764075838,
        "narHash": "sha256-kGteNhGINhOvbj9XvDhxfyqC39YXbKr3TcfVMxi9ccU=",
        "owner": "saghen",
        "repo": "blink.cmp",
        "rev": "f13226770b4947eb7e66befbeb53c3db39f13e25",
        "type": "github"
      },
      "original": {
        "owner": "saghen",
        "repo": "blink.cmp",
        "type": "github"
      }
    },
    "colorful-menu-nvim": {
      "flake": false,
      "locked": {
        "lastModified": 1764094358,
        "narHash": "sha256-hra7QFKWsIqtAWYNDqPv3tJUAsZfVmGTY3AQjeWvxaM=",
        "owner": "xzbdmw",
        "repo": "colorful-menu.nvim",
        "rev": "b51a659459df8d078201aefc995db8175ed55e84",
        "type": "github"
      },
      "original": {
        "owner": "xzbdmw",
        "repo": "colorful-menu.nvim",
        "type": "github"
      }
    },
    "fenix": {
      "inputs": {
        "nixpkgs": [
          "blink-cmp",
          "nixpkgs"
        ],
        "rust-analyzer-src": "rust-analyzer-src"
      },
      "locked": {
        "lastModified": 1761028747,
        "narHash": "sha256-UqCbRuqnsVURCB0hLZL9SwFNDNftIE1Zxj7Ykf1aRj4=",
        "owner": "nix-community",
        "repo": "fenix",
        "rev": "1dd37dd710195936f675eb0d36cf284806f99a94",
        "type": "github"
      },
      "original": {
        "owner": "nix-community",
        "repo": "fenix",
        "type": "github"
      }
    },
    "flake-compat": {
      "flake": false,
      "locked": {
        "lastModified": 1696426674,
        "narHash": "sha256-kvjfFW7WAETZlt09AgDn1MrtKzP7t90Vf7vypd3OL1U=",
        "owner": "edolstra",
        "repo": "flake-compat",
        "rev": "0f9255e01c2351cc7d116c072cb317785dd33b33",
        "type": "github"
      },
      "original": {
        "owner": "edolstra",
        "repo": "flake-compat",
        "type": "github"
      }
    },
    "flake-parts": {
      "inputs": {
        "nixpkgs-lib": [
          "nixpkgs"
        ]
      },
      "locked": {
        "lastModified": 1763759067,
        "narHash": "sha256-LlLt2Jo/gMNYAwOgdRQBrsRoOz7BPRkzvNaI/fzXi2Q=",
        "owner": "hercules-ci",
        "repo": "flake-parts",
        "rev": "2cccadc7357c0ba201788ae99c4dfa90728ef5e0",
        "type": "github"
      },
      "original": {
        "owner": "hercules-ci",
        "repo": "flake-parts",
        "type": "github"
      }
    },
    "flake-parts_2": {
      "inputs": {
        "nixpkgs-lib": "nixpkgs-lib"
      },
      "locked": {
        "lastModified": 1717285511,
        "narHash": "sha256-iKzJcpdXih14qYVcZ9QC9XuZYnPc6T8YImb6dX166kw=",
        "owner": "hercules-ci",
        "repo": "flake-parts",
        "rev": "2a55567fcf15b1b1c7ed712a2c6fadaec7412ea8",
        "type": "github"
      },
      "original": {
        "owner": "hercules-ci",
        "repo": "flake-parts",
        "type": "github"
      }
    },
    "flake-utils": {
      "inputs": {
        "systems": "systems"
      },
      "locked": {
        "lastModified": 1731533236,
        "narHash": "sha256-l0KFg5HjrsfsO/JpG+r7fRrqm12kzFHyUHqHCVpMMbI=",
        "owner": "numtide",
        "repo": "flake-utils",
        "rev": "11707dc2f618dd54ca8739b309ec4fc024de578b",
        "type": "github"
      },
      "original": {
        "owner": "numtide",
        "repo": "flake-utils",
        "type": "github"
      }
    },
    "gen-luarc": {
      "inputs": {
        "flake-parts": "flake-parts_2",
        "git-hooks": "git-hooks",
        "luvit-meta": "luvit-meta",
        "nixpkgs": "nixpkgs"
      },
      "locked": {
        "lastModified": 1755304025,
        "narHash": "sha256-xVKfjFwc0zMbLMjLTiHz+0llggkjs93SmHkhaa9S3M4=",
        "owner": "mrcjkb",
        "repo": "nix-gen-luarc-json",
        "rev": "1865b0ebb753ae5324d7381b1fa8c98c04ec7509",
        "type": "github"
      },
      "original": {
        "owner": "mrcjkb",
        "repo": "nix-gen-luarc-json",
        "type": "github"
      }
    },
    "git-hooks": {
      "inputs": {
        "flake-compat": "flake-compat",
        "gitignore": "gitignore",
        "nixpkgs": [
          "gen-luarc",
          "nixpkgs"
        ],
        "nixpkgs-stable": "nixpkgs-stable"
      },
      "locked": {
        "lastModified": 1723803910,
        "narHash": "sha256-yezvUuFiEnCFbGuwj/bQcqg7RykIEqudOy/RBrId0pc=",
        "owner": "cachix",
        "repo": "git-hooks.nix",
        "rev": "bfef0ada09e2c8ac55bbcd0831bd0c9d42e651ba",
        "type": "github"
      },
      "original": {
        "owner": "cachix",
        "repo": "git-hooks.nix",
        "type": "github"
      }
    },
    "gitignore": {
      "inputs": {
        "nixpkgs": [
          "gen-luarc",
          "git-hooks",
          "nixpkgs"
        ]
      },
      "locked": {
        "lastModified": 1709087332,
        "narHash": "sha256-HG2cCnktfHsKV0s4XW83gU3F57gaTljL9KNSuG6bnQs=",
        "owner": "hercules-ci",
        "repo": "gitignore.nix",
        "rev": "637db329424fd7e46cf4185293b9cc8c88c95394",
        "type": "github"
      },
      "original": {
        "owner": "hercules-ci",
        "repo": "gitignore.nix",
        "type": "github"
      }
    },
    "luvit-meta": {
      "flake": false,
      "locked": {
        "lastModified": 1705776742,
        "narHash": "sha256-zAAptV/oLuLAAsa2zSB/6fxlElk4+jNZd/cPr9oxFig=",
        "owner": "Bilal2453",
        "repo": "luvit-meta",
        "rev": "ce76f6f6cdc9201523a5875a4471dcfe0186eb60",
        "type": "github"
      },
      "original": {
        "owner": "Bilal2453",
        "repo": "luvit-meta",
        "type": "github"
      }
    },
    "mini-nvim": {
      "flake": false,
      "locked": {
        "lastModified": 1763902902,
        "narHash": "sha256-CEMLuKfORX4LUDuoqWjag0gzgnoyrGa6bPjy5+TF4z8=",
        "owner": "echasnovski",
        "repo": "mini.nvim",
        "rev": "72b0194c56c984476c5975b62eb340fd1aa1686a",
        "type": "github"
      },
      "original": {
        "owner": "echasnovski",
        "repo": "mini.nvim",
        "type": "github"
      }
    },
    "monoglow": {
      "flake": false,
      "locked": {
        "lastModified": 1736178514,
        "narHash": "sha256-GqrD+DnzIOHeBRRWR2qszOcPt2BMfelJLrCVu+2g0Ww=",
        "owner": "wnkz",
        "repo": "monoglow.nvim",
        "rev": "95a2595f5ea3b8ee94d7030f7970746b363ad47f",
        "type": "github"
      },
      "original": {
        "owner": "wnkz",
        "repo": "monoglow.nvim",
        "type": "github"
      }
    },
    "nixpkgs": {
      "locked": {
        "lastModified": 1718714799,
        "narHash": "sha256-FUZpz9rg3gL8NVPKbqU8ei1VkPLsTIfAJ2fdAf5qjak=",
        "owner": "nixos",
        "repo": "nixpkgs",
        "rev": "c00d587b1a1afbf200b1d8f0b0e4ba9deb1c7f0e",
        "type": "github"
      },
      "original": {
        "owner": "nixos",
        "ref": "nixos-unstable",
        "repo": "nixpkgs",
        "type": "github"
      }
    },
    "nixpkgs-lib": {
      "locked": {
        "lastModified": 1717284937,
        "narHash": "sha256-lIbdfCsf8LMFloheeE6N31+BMIeixqyQWbSr2vk79EQ=",
        "type": "tarball",
        "url": "https://github.com/NixOS/nixpkgs/archive/eb9ceca17df2ea50a250b6b27f7bf6ab0186f198.tar.gz"
      },
      "original": {
        "type": "tarball",
        "url": "https://github.com/NixOS/nixpkgs/archive/eb9ceca17df2ea50a250b6b27f7bf6ab0186f198.tar.gz"
      }
    },
    "nixpkgs-roslyn": {
      "locked": {
        "lastModified": 1750448434,
        "narHash": "sha256-7BFe8hLRv0MX4k7AFDHu6PmWYqU981dabKQzhCDH+WQ=",
        "owner": "nixos",
        "repo": "nixpkgs",
        "rev": "a5425d5c2dcdcb0305e8c2658c03068763133c80",
        "type": "github"
      },
      "original": {
        "owner": "nixos",
        "repo": "nixpkgs",
        "rev": "a5425d5c2dcdcb0305e8c2658c03068763133c80",
        "type": "github"
      }
    },
    "nixpkgs-stable": {
      "locked": {
        "lastModified": 1720386169,
        "narHash": "sha256-NGKVY4PjzwAa4upkGtAMz1npHGoRzWotlSnVlqI40mo=",
        "owner": "NixOS",
        "repo": "nixpkgs",
        "rev": "194846768975b7ad2c4988bdb82572c00222c0d7",
        "type": "github"
      },
      "original": {
        "owner": "NixOS",
        "ref": "nixos-24.05",
        "repo": "nixpkgs",
        "type": "github"
      }
    },
    "nixpkgs-unstable": {
      "locked": {
        "lastModified": 1764081664,
        "narHash": "sha256-sUoHmPr/EwXzRMpv1u/kH+dXuvJEyyF2Q7muE+t0EU4=",
        "owner": "nixos",
        "repo": "nixpkgs",
        "rev": "dc205f7b4fdb04c8b7877b43edb7b73be7730081",
        "type": "github"
      },
      "original": {
        "owner": "nixos",
        "ref": "nixpkgs-unstable",
        "repo": "nixpkgs",
        "type": "github"
      }
    },
    "nixpkgs_2": {
      "locked": {
        "lastModified": 1764165130,
        "narHash": "sha256-bpnhmidIvYBxjo/SwkVlrv66cfFR9DMh0vWMzUZhGig=",
        "owner": "nixos",
        "repo": "nixpkgs",
        "rev": "e4f347bc63a9524741ee058df58b94c0b4d09e3f",
        "type": "github"
      },
      "original": {
        "owner": "nixos",
        "repo": "nixpkgs",
        "type": "github"
      }
    },
    "oil-lsp-diagnostics-nvim": {
      "flake": false,
      "locked": {
        "lastModified": 1737554594,
        "narHash": "sha256-E8jukH3I8XDdgrG4XHCo9AuFbY0sLX24pjk054xmB9E=",
        "owner": "JezerM",
        "repo": "oil-lsp-diagnostics.nvim",
        "rev": "e04e3c387262b958fee75382f8ff66eae9d037f4",
        "type": "github"
      },
      "original": {
        "owner": "JezerM",
        "repo": "oil-lsp-diagnostics.nvim",
        "type": "github"
      }
    },
    "otree-nvim": {
      "flake": false,
      "locked": {
        "lastModified": 1758181555,
        "narHash": "sha256-ZLWtsMxy9SYp+GhNSBp4NpsbNCdsRV6+cirwLZiSu3k=",
        "owner": "Eutrius",
        "repo": "Otree.nvim",
        "rev": "1540ea0a300916f1c43063fda185463b3e8f2f40",
        "type": "github"
      },
      "original": {
        "owner": "Eutrius",
        "repo": "Otree.nvim",
        "type": "github"
      }
    },
    "pkgs-by-name-for-flake-parts": {
      "locked": {
        "lastModified": 1743779435,
        "narHash": "sha256-5eaQ3iKcwUbLw7pOJJqV85qgf5L+ihfsISrifGM7czQ=",
        "owner": "drupol",
        "repo": "pkgs-by-name-for-flake-parts",
        "rev": "477b3e8f981e3d7bac9d297e64796c918942f744",
        "type": "github"
      },
      "original": {
        "owner": "drupol",
        "repo": "pkgs-by-name-for-flake-parts",
        "type": "github"
      }
    },
    "pymobiledevice3-flake": {
      "flake": false,
      "locked": {
        "lastModified": 1764134116,
        "narHash": "sha256-OxzDamPid+djzAKjwk6iD1kT8rLWl+k23/XtKWjTKIw=",
        "owner": "doronz88",
        "repo": "pymobiledevice3",
        "rev": "3322649424f87e9ea3c51bac8de18b2c91e122f3",
        "type": "github"
      },
      "original": {
        "owner": "doronz88",
        "repo": "pymobiledevice3",
        "type": "github"
      }
    },
    "root": {
      "inputs": {
        "blink-cmp": "blink-cmp",
        "colorful-menu-nvim": "colorful-menu-nvim",
        "flake-parts": "flake-parts",
        "flake-utils": "flake-utils",
        "gen-luarc": "gen-luarc",
        "mini-nvim": "mini-nvim",
        "monoglow": "monoglow",
        "nixpkgs": "nixpkgs_2",
        "nixpkgs-roslyn": "nixpkgs-roslyn",
        "nixpkgs-unstable": "nixpkgs-unstable",
        "oil-lsp-diagnostics-nvim": "oil-lsp-diagnostics-nvim",
        "otree-nvim": "otree-nvim",
        "pkgs-by-name-for-flake-parts": "pkgs-by-name-for-flake-parts",
        "pymobiledevice3-flake": "pymobiledevice3-flake",
        "roslyn-nvim": "roslyn-nvim",
        "rzls-nvim": "rzls-nvim",
        "snacks-nvim": "snacks-nvim",
        "xcodebuild-nvim": "xcodebuild-nvim"
      }
    },
    "roslyn-nvim": {
      "flake": false,
      "locked": {
        "lastModified": 1763537490,
        "narHash": "sha256-o1aT0HWlg4MtQ3zKO3JC3LwihdGDkiYa7KT+yXBK6j4=",
        "owner": "seblyng",
        "repo": "roslyn.nvim",
        "rev": "88f837a658df7304ae47fdf251c9560ffbc6bf2b",
        "type": "github"
      },
      "original": {
        "owner": "seblyng",
        "repo": "roslyn.nvim",
        "type": "github"
      }
    },
    "rust-analyzer-src": {
      "flake": false,
      "locked": {
        "lastModified": 1760976639,
        "narHash": "sha256-v+teOfOLbR9UFLuaMfbsd/L5ckJBcQJyeFj23V3lz8g=",
        "owner": "rust-lang",
        "repo": "rust-analyzer",
        "rev": "4a305f565ab964caf22dc72980a44b2970a9c2f1",
        "type": "github"
      },
      "original": {
        "owner": "rust-lang",
        "ref": "nightly",
        "repo": "rust-analyzer",
        "type": "github"
      }
    },
    "rzls-nvim": {
      "flake": false,
      "locked": {
        "lastModified": 1763756191,
        "narHash": "sha256-uWgS7AEEzSp4fZs/P79fZLSiNrhrebXpP6wge5uwVnY=",
        "owner": "tris203",
        "repo": "rzls.nvim",
        "rev": "c1f48e5a82d8148f25d2f4e6491af20484141355",
        "type": "github"
      },
      "original": {
        "owner": "tris203",
        "repo": "rzls.nvim",
        "type": "github"
      }
    },
    "snacks-nvim": {
      "flake": false,
      "locked": {
        "lastModified": 1763464072,
        "narHash": "sha256-vRedYg29QGPGW0hOX9qbRSIImh1d/SoDZHImDF2oqKM=",
        "owner": "folke",
        "repo": "snacks.nvim",
        "rev": "fe7cfe9800a182274d0f868a74b7263b8c0c020b",
        "type": "github"
      },
      "original": {
        "owner": "folke",
        "repo": "snacks.nvim",
        "type": "github"
      }
    },
    "systems": {
      "locked": {
        "lastModified": 1681028828,
        "narHash": "sha256-Vy1rq5AaRuLzOxct8nz4T6wlgyUR7zLU309k9mBC768=",
        "owner": "nix-systems",
        "repo": "default",
        "rev": "da67096a3b9bf56a91d16901293e51ba5b49a27e",
        "type": "github"
      },
      "original": {
        "owner": "nix-systems",
        "repo": "default",
        "type": "github"
      }
    },
    "xcodebuild-nvim": {
      "flake": false,
      "locked": {
        "lastModified": 1763581899,
        "narHash": "sha256-Sjzp/ucZZecY6G+s1fYgoy4eJz/8S3QLqULqujVDMfg=",
        "owner": "wojciech-kulik",
        "repo": "xcodebuild.nvim",
        "rev": "54e826a31e5b882d132e2576d477893b3d7edd8a",
        "type": "github"
      },
      "original": {
        "owner": "wojciech-kulik",
        "repo": "xcodebuild.nvim",
        "type": "github"
      }
    }
  },
  "root": "root",
  "version": 7
}
