{
  "nodes": {
    "blink-cmp": {
      "inputs": {
        "fenix": "fenix",
        "flake-parts": [
          "flake-parts"
        ],
        "nixpkgs": [
          "nixpkgs"
        ]
      },
      "locked": {
        "lastModified": 1755177592,
        "narHash": "sha256-g57GuirQ0jDuCGum3Ly6Troll8tt0SmUjOGXce/Y9Gk=",
        "owner": "saghen",
        "repo": "blink.cmp",
        "rev": "4e9edba1b1cef1585cc65e54287229e5d34e4df8",
        "type": "github"
      },
      "original": {
        "owner": "saghen",
        "repo": "blink.cmp",
        "type": "github"
      }
    },
    "colorful-menu-nvim": {
      "flake": false,
      "locked": {
        "lastModified": 1746951133,
        "narHash": "sha256-Xcx7Ebcx73Rn4PnkxUCfV4ob063x6wLa6deC1+gJ2GQ=",
        "owner": "xzbdmw",
        "repo": "colorful-menu.nvim",
        "rev": "bc3e82609f2fcf7dad7ca87c20e65e51d5d9d87c",
        "type": "github"
      },
      "original": {
        "owner": "xzbdmw",
        "repo": "colorful-menu.nvim",
        "type": "github"
      }
    },
    "fenix": {
      "inputs": {
        "nixpkgs": [
          "blink-cmp",
          "nixpkgs"
        ],
        "rust-analyzer-src": "rust-analyzer-src"
      },
      "locked": {
        "lastModified": 1747032090,
        "narHash": "sha256-htgrHIR/P7V8WeRW/XDWJHXBzbTSWCDYZHsxPAzDuUY=",
        "owner": "nix-community",
        "repo": "fenix",
        "rev": "1436bb8b85b35ca3ba64ad97df31a3b23c7610a3",
        "type": "github"
      },
      "original": {
        "owner": "nix-community",
        "repo": "fenix",
        "type": "github"
      }
    },
    "flake-compat": {
      "flake": false,
      "locked": {
        "lastModified": 1696426674,
        "narHash": "sha256-kvjfFW7WAETZlt09AgDn1MrtKzP7t90Vf7vypd3OL1U=",
        "owner": "edolstra",
        "repo": "flake-compat",
        "rev": "0f9255e01c2351cc7d116c072cb317785dd33b33",
        "type": "github"
      },
      "original": {
        "owner": "edolstra",
        "repo": "flake-compat",
        "type": "github"
      }
    },
    "flake-parts": {
      "inputs": {
        "nixpkgs-lib": [
          "nixpkgs"
        ]
      },
      "locked": {
        "lastModified": 1754487366,
        "narHash": "sha256-pHYj8gUBapuUzKV/kN/tR3Zvqc7o6gdFB9XKXIp1SQ8=",
        "owner": "hercules-ci",
        "repo": "flake-parts",
        "rev": "af66ad14b28a127c5c0f3bbb298218fc63528a18",
        "type": "github"
      },
      "original": {
        "owner": "hercules-ci",
        "repo": "flake-parts",
        "type": "github"
      }
    },
    "flake-parts_2": {
      "inputs": {
        "nixpkgs-lib": "nixpkgs-lib"
      },
      "locked": {
        "lastModified": 1717285511,
        "narHash": "sha256-iKzJcpdXih14qYVcZ9QC9XuZYnPc6T8YImb6dX166kw=",
        "owner": "hercules-ci",
        "repo": "flake-parts",
        "rev": "2a55567fcf15b1b1c7ed712a2c6fadaec7412ea8",
        "type": "github"
      },
      "original": {
        "owner": "hercules-ci",
        "repo": "flake-parts",
        "type": "github"
      }
    },
    "flake-utils": {
      "inputs": {
        "systems": "systems"
      },
      "locked": {
        "lastModified": 1731533236,
        "narHash": "sha256-l0KFg5HjrsfsO/JpG+r7fRrqm12kzFHyUHqHCVpMMbI=",
        "owner": "numtide",
        "repo": "flake-utils",
        "rev": "11707dc2f618dd54ca8739b309ec4fc024de578b",
        "type": "github"
      },
      "original": {
        "owner": "numtide",
        "repo": "flake-utils",
        "type": "github"
      }
    },
    "gen-luarc": {
      "inputs": {
        "flake-parts": "flake-parts_2",
        "git-hooks": "git-hooks",
        "luvit-meta": "luvit-meta",
        "nixpkgs": "nixpkgs"
      },
      "locked": {
        "lastModified": 1755304025,
        "narHash": "sha256-xVKfjFwc0zMbLMjLTiHz+0llggkjs93SmHkhaa9S3M4=",
        "owner": "mrcjkb",
        "repo": "nix-gen-luarc-json",
        "rev": "1865b0ebb753ae5324d7381b1fa8c98c04ec7509",
        "type": "github"
      },
      "original": {
        "owner": "mrcjkb",
        "repo": "nix-gen-luarc-json",
        "type": "github"
      }
    },
    "git-hooks": {
      "inputs": {
        "flake-compat": "flake-compat",
        "gitignore": "gitignore",
        "nixpkgs": [
          "gen-luarc",
          "nixpkgs"
        ],
        "nixpkgs-stable": "nixpkgs-stable"
      },
      "locked": {
        "lastModified": 1723803910,
        "narHash": "sha256-yezvUuFiEnCFbGuwj/bQcqg7RykIEqudOy/RBrId0pc=",
        "owner": "cachix",
        "repo": "git-hooks.nix",
        "rev": "bfef0ada09e2c8ac55bbcd0831bd0c9d42e651ba",
        "type": "github"
      },
      "original": {
        "owner": "cachix",
        "repo": "git-hooks.nix",
        "type": "github"
      }
    },
    "gitignore": {
      "inputs": {
        "nixpkgs": [
          "gen-luarc",
          "git-hooks",
          "nixpkgs"
        ]
      },
      "locked": {
        "lastModified": 1709087332,
        "narHash": "sha256-HG2cCnktfHsKV0s4XW83gU3F57gaTljL9KNSuG6bnQs=",
        "owner": "hercules-ci",
        "repo": "gitignore.nix",
        "rev": "637db329424fd7e46cf4185293b9cc8c88c95394",
        "type": "github"
      },
      "original": {
        "owner": "hercules-ci",
        "repo": "gitignore.nix",
        "type": "github"
      }
    },
    "luvit-meta": {
      "flake": false,
      "locked": {
        "lastModified": 1705776742,
        "narHash": "sha256-zAAptV/oLuLAAsa2zSB/6fxlElk4+jNZd/cPr9oxFig=",
        "owner": "Bilal2453",
        "repo": "luvit-meta",
        "rev": "ce76f6f6cdc9201523a5875a4471dcfe0186eb60",
        "type": "github"
      },
      "original": {
        "owner": "Bilal2453",
        "repo": "luvit-meta",
        "type": "github"
      }
    },
    "mini-nvim": {
      "flake": false,
      "locked": {
        "lastModified": 1755592879,
        "narHash": "sha256-VR/Mdz56IrfOvnZTzejs0QVkkgK5NFP6JgPUaTnXPBc=",
        "owner": "echasnovski",
        "repo": "mini.nvim",
        "rev": "c5f2b25bfffbfb793602fa091fca0074871d30fe",
        "type": "github"
      },
      "original": {
        "owner": "echasnovski",
        "repo": "mini.nvim",
        "type": "github"
      }
    },
    "nixpkgs": {
      "locked": {
        "lastModified": 1718714799,
        "narHash": "sha256-FUZpz9rg3gL8NVPKbqU8ei1VkPLsTIfAJ2fdAf5qjak=",
        "owner": "nixos",
        "repo": "nixpkgs",
        "rev": "c00d587b1a1afbf200b1d8f0b0e4ba9deb1c7f0e",
        "type": "github"
      },
      "original": {
        "owner": "nixos",
        "ref": "nixos-unstable",
        "repo": "nixpkgs",
        "type": "github"
      }
    },
    "nixpkgs-lib": {
      "locked": {
        "lastModified": 1717284937,
        "narHash": "sha256-lIbdfCsf8LMFloheeE6N31+BMIeixqyQWbSr2vk79EQ=",
        "type": "tarball",
        "url": "https://github.com/NixOS/nixpkgs/archive/eb9ceca17df2ea50a250b6b27f7bf6ab0186f198.tar.gz"
      },
      "original": {
        "type": "tarball",
        "url": "https://github.com/NixOS/nixpkgs/archive/eb9ceca17df2ea50a250b6b27f7bf6ab0186f198.tar.gz"
      }
    },
    "nixpkgs-stable": {
      "locked": {
        "lastModified": 1720386169,
        "narHash": "sha256-NGKVY4PjzwAa4upkGtAMz1npHGoRzWotlSnVlqI40mo=",
        "owner": "NixOS",
        "repo": "nixpkgs",
        "rev": "194846768975b7ad2c4988bdb82572c00222c0d7",
        "type": "github"
      },
      "original": {
        "owner": "NixOS",
        "ref": "nixos-24.05",
        "repo": "nixpkgs",
        "type": "github"
      }
    },
    "nixpkgs-unstable": {
      "locked": {
        "lastModified": 1755268003,
        "narHash": "sha256-nNaeJjo861wFR0tjHDyCnHs1rbRtrMgxAKMoig9Sj/w=",
        "owner": "nixos",
        "repo": "nixpkgs",
        "rev": "32f313e49e42f715491e1ea7b306a87c16fe0388",
        "type": "github"
      },
      "original": {
        "owner": "nixos",
        "ref": "nixpkgs-unstable",
        "repo": "nixpkgs",
        "type": "github"
      }
    },
    "nixpkgs_2": {
      "locked": {
        "lastModified": 1755593212,
        "narHash": "sha256-AEk6KJ68h7nJZ0y79RZaooTdndWgq5qpY7VUNcnWpOU=",
        "owner": "nixos",
        "repo": "nixpkgs",
        "rev": "1a58528f0d71c0f7acd3dbd36d6ef03f775f80fa",
        "type": "github"
      },
      "original": {
        "owner": "nixos",
        "repo": "nixpkgs",
        "type": "github"
      }
    },
    "oil-lsp-diagnostics-nvim": {
      "flake": false,
      "locked": {
        "lastModified": 1737554594,
        "narHash": "sha256-E8jukH3I8XDdgrG4XHCo9AuFbY0sLX24pjk054xmB9E=",
        "owner": "JezerM",
        "repo": "oil-lsp-diagnostics.nvim",
        "rev": "e04e3c387262b958fee75382f8ff66eae9d037f4",
        "type": "github"
      },
      "original": {
        "owner": "JezerM",
        "repo": "oil-lsp-diagnostics.nvim",
        "type": "github"
      }
    },
    "otree-nvim": {
      "flake": false,
      "locked": {
        "lastModified": 1752950366,
        "narHash": "sha256-ZNC7+u3P+N2FHv8AuOGXYTMkj8cdUUzX1xaGM1ggbYg=",
        "owner": "Eutrius",
        "repo": "Otree.nvim",
        "rev": "849f42c4f6fb9bb7522a9aee6d528cc93249d0a5",
        "type": "github"
      },
      "original": {
        "owner": "Eutrius",
        "repo": "Otree.nvim",
        "type": "github"
      }
    },
    "pkgs-by-name-for-flake-parts": {
      "locked": {
        "lastModified": 1743779435,
        "narHash": "sha256-5eaQ3iKcwUbLw7pOJJqV85qgf5L+ihfsISrifGM7czQ=",
        "owner": "drupol",
        "repo": "pkgs-by-name-for-flake-parts",
        "rev": "477b3e8f981e3d7bac9d297e64796c918942f744",
        "type": "github"
      },
      "original": {
        "owner": "drupol",
        "repo": "pkgs-by-name-for-flake-parts",
        "type": "github"
      }
    },
    "pymobiledevice3-flake": {
      "flake": false,
      "locked": {
        "lastModified": 1755586660,
        "narHash": "sha256-V52FPGZedbx2aQ3WnCZG9rQPvWbSTSR7UEbXF0TwBwg=",
        "owner": "doronz88",
        "repo": "pymobiledevice3",
        "rev": "f2e2de501c136b1ed69f1448dbf71c4bcecc6665",
        "type": "github"
      },
      "original": {
        "owner": "doronz88",
        "repo": "pymobiledevice3",
        "type": "github"
      }
    },
    "root": {
      "inputs": {
        "blink-cmp": "blink-cmp",
        "colorful-menu-nvim": "colorful-menu-nvim",
        "flake-parts": "flake-parts",
        "flake-utils": "flake-utils",
        "gen-luarc": "gen-luarc",
        "mini-nvim": "mini-nvim",
        "nixpkgs": "nixpkgs_2",
        "nixpkgs-unstable": "nixpkgs-unstable",
        "oil-lsp-diagnostics-nvim": "oil-lsp-diagnostics-nvim",
        "otree-nvim": "otree-nvim",
        "pkgs-by-name-for-flake-parts": "pkgs-by-name-for-flake-parts",
        "pymobiledevice3-flake": "pymobiledevice3-flake",
        "snacks-nvim": "snacks-nvim",
        "xcodebuild-nvim": "xcodebuild-nvim"
      }
    },
    "rust-analyzer-src": {
      "flake": false,
      "locked": {
        "lastModified": 1746889290,
        "narHash": "sha256-h3LQYZgyv2l3U7r+mcsrEOGRldaK0zJFwAAva4hV/6g=",
        "owner": "rust-lang",
        "repo": "rust-analyzer",
        "rev": "2bafe9d96c6734aacfd49e115f6cf61e7adc68bc",
        "type": "github"
      },
      "original": {
        "owner": "rust-lang",
        "ref": "nightly",
        "repo": "rust-analyzer",
        "type": "github"
      }
    },
    "snacks-nvim": {
      "flake": false,
      "locked": {
        "lastModified": 1740868622,
        "narHash": "sha256-Gw0Bp2YeoESiBLs3NPnqke3xwEjuiQDDU1CPofrhtig=",
        "owner": "folke",
        "repo": "snacks.nvim",
        "rev": "bc0630e43be5699bb94dadc302c0d21615421d93",
        "type": "github"
      },
      "original": {
        "owner": "folke",
        "repo": "snacks.nvim",
        "type": "github"
      }
    },
    "systems": {
      "locked": {
        "lastModified": 1681028828,
        "narHash": "sha256-Vy1rq5AaRuLzOxct8nz4T6wlgyUR7zLU309k9mBC768=",
        "owner": "nix-systems",
        "repo": "default",
        "rev": "da67096a3b9bf56a91d16901293e51ba5b49a27e",
        "type": "github"
      },
      "original": {
        "owner": "nix-systems",
        "repo": "default",
        "type": "github"
      }
    },
    "xcodebuild-nvim": {
      "flake": false,
      "locked": {
        "lastModified": 1755467596,
        "narHash": "sha256-AY/EFDXMg0vDqD4LMr/TOn1H/KaaIvEWBg6sKgWjL4k=",
        "owner": "wojciech-kulik",
        "repo": "xcodebuild.nvim",
        "rev": "b76a2a3ad0cb61ea33ed615844a8a1a658279d32",
        "type": "github"
      },
      "original": {
        "owner": "wojciech-kulik",
        "repo": "xcodebuild.nvim",
        "type": "github"
      }
    }
  },
  "root": "root",
  "version": 7
}
